PODS:
  - IQKeyboardManager (6.5.10)
  - ObjectMapper (4.2.0)

DEPENDENCIES:
  - IQKeyboardManager
  - ObjectMapper

SPEC REPOS:
  trunk:
    - IQKeyboardManager
    - ObjectMapper

SPEC CHECKSUMS:
  IQKeyboardManager: 45a1fa55c1a5b02c61ac0fd7fd5b62bb4ad20d97
  ObjectMapper: 1eb41f610210777375fa806bf161dc39fb832b81

PODFILE CHECKSUM: b8bf88249e4eb66d3d492fd0c186743d1de2db88

COCOAPODS: 1.11.3
