// !$*UTF8*$!
{
	archiveVersion = 1;
	classes = {
	};
	objectVersion = 55;
	objects = {

/* Begin PBXBuildFile section */
		8B053BD02861802400BF4F32 /* SecondViewController.swift in Sources */ = {isa = PBXBuildFile; fileRef = 8B053BCF2861802400BF4F32 /* SecondViewController.swift */; };
		8B8744A32860D5E2002CFEA4 /* AppDelegate.swift in Sources */ = {isa = PBXBuildFile; fileRef = 8B8744A22860D5E2002CFEA4 /* AppDelegate.swift */; };
		8B8744A52860D5E2002CFEA4 /* SceneDelegate.swift in Sources */ = {isa = PBXBuildFile; fileRef = 8B8744A42860D5E2002CFEA4 /* SceneDelegate.swift */; };
		8B8744A72860D5E2002CFEA4 /* ViewController.swift in Sources */ = {isa = PBXBuildFile; fileRef = 8B8744A62860D5E2002CFEA4 /* ViewController.swift */; };
		8B8744AA2860D5E2002CFEA4 /* Main.storyboard in Resources */ = {isa = PBXBuildFile; fileRef = 8B8744A82860D5E2002CFEA4 /* Main.storyboard */; };
		8B8744AC2860D5E3002CFEA4 /* Assets.xcassets in Resources */ = {isa = PBXBuildFile; fileRef = 8B8744AB2860D5E3002CFEA4 /* Assets.xcassets */; };
		8B8744AF2860D5E3002CFEA4 /* LaunchScreen.storyboard in Resources */ = {isa = PBXBuildFile; fileRef = 8B8744AD2860D5E3002CFEA4 /* LaunchScreen.storyboard */; };
		EEF25FE354DDE367A1895011 /* Pods_SnapkitDemo.framework in Frameworks */ = {isa = PBXBuildFile; fileRef = D4A6EE36B65DFBE1991AD0B2 /* Pods_SnapkitDemo.framework */; };
/* End PBXBuildFile section */

/* Begin PBXFileReference section */
		11C4E725B0648A5966D2D0D0 /* Pods-SnapkitDemo.release.xcconfig */ = {isa = PBXFileReference; includeInIndex = 1; lastKnownFileType = text.xcconfig; name = "Pods-SnapkitDemo.release.xcconfig"; path = "Target Support Files/Pods-SnapkitDemo/Pods-SnapkitDemo.release.xcconfig"; sourceTree = "<group>"; };
		3C3B5418B26D8A6AEA25FCC9 /* Pods-SnapkitDemo.debug.xcconfig */ = {isa = PBXFileReference; includeInIndex = 1; lastKnownFileType = text.xcconfig; name = "Pods-SnapkitDemo.debug.xcconfig"; path = "Target Support Files/Pods-SnapkitDemo/Pods-SnapkitDemo.debug.xcconfig"; sourceTree = "<group>"; };
		8B053BCF2861802400BF4F32 /* SecondViewController.swift */ = {isa = PBXFileReference; lastKnownFileType = sourcecode.swift; path = SecondViewController.swift; sourceTree = "<group>"; };
		8B87449F2860D5E2002CFEA4 /* SnapkitDemo.app */ = {isa = PBXFileReference; explicitFileType = wrapper.application; includeInIndex = 0; path = SnapkitDemo.app; sourceTree = BUILT_PRODUCTS_DIR; };
		8B8744A22860D5E2002CFEA4 /* AppDelegate.swift */ = {isa = PBXFileReference; lastKnownFileType = sourcecode.swift; path = AppDelegate.swift; sourceTree = "<group>"; };
		8B8744A42860D5E2002CFEA4 /* SceneDelegate.swift */ = {isa = PBXFileReference; lastKnownFileType = sourcecode.swift; path = SceneDelegate.swift; sourceTree = "<group>"; };
		8B8744A62860D5E2002CFEA4 /* ViewController.swift */ = {isa = PBXFileReference; lastKnownFileType = sourcecode.swift; path = ViewController.swift; sourceTree = "<group>"; };
		8B8744A92860D5E2002CFEA4 /* Base */ = {isa = PBXFileReference; lastKnownFileType = file.storyboard; name = Base; path = Base.lproj/Main.storyboard; sourceTree = "<group>"; };
		8B8744AB2860D5E3002CFEA4 /* Assets.xcassets */ = {isa = PBXFileReference; lastKnownFileType = folder.assetcatalog; path = Assets.xcassets; sourceTree = "<group>"; };
		8B8744AE2860D5E3002CFEA4 /* Base */ = {isa = PBXFileReference; lastKnownFileType = file.storyboard; name = Base; path = Base.lproj/LaunchScreen.storyboard; sourceTree = "<group>"; };
		8B8744B02860D5E3002CFEA4 /* Info.plist */ = {isa = PBXFileReference; lastKnownFileType = text.plist.xml; path = Info.plist; sourceTree = "<group>"; };
		D4A6EE36B65DFBE1991AD0B2 /* Pods_SnapkitDemo.framework */ = {isa = PBXFileReference; explicitFileType = wrapper.framework; includeInIndex = 0; path = Pods_SnapkitDemo.framework; sourceTree = BUILT_PRODUCTS_DIR; };
/* End PBXFileReference section */

/* Begin PBXFrameworksBuildPhase section */
		8B87449C2860D5E2002CFEA4 /* Frameworks */ = {
			isa = PBXFrameworksBuildPhase;
			buildActionMask = 2147483647;
			files = (
				EEF25FE354DDE367A1895011 /* Pods_SnapkitDemo.framework in Frameworks */,
			);
			runOnlyForDeploymentPostprocessing = 0;
		};
/* End PBXFrameworksBuildPhase section */

/* Begin PBXGroup section */
		4A24AC44C0F1C8155D30C59D /* Frameworks */ = {
			isa = PBXGroup;
			children = (
				D4A6EE36B65DFBE1991AD0B2 /* Pods_SnapkitDemo.framework */,
			);
			name = Frameworks;
			sourceTree = "<group>";
		};
		6150B04E7AD0D894F1190BD5 /* Pods */ = {
			isa = PBXGroup;
			children = (
				3C3B5418B26D8A6AEA25FCC9 /* Pods-SnapkitDemo.debug.xcconfig */,
				11C4E725B0648A5966D2D0D0 /* Pods-SnapkitDemo.release.xcconfig */,
			);
			path = Pods;
			sourceTree = "<group>";
		};
		8B8744962860D5E2002CFEA4 = {
			isa = PBXGroup;
			children = (
				8B8744A12860D5E2002CFEA4 /* SnapkitDemo */,
				8B8744A02860D5E2002CFEA4 /* Products */,
				6150B04E7AD0D894F1190BD5 /* Pods */,
				4A24AC44C0F1C8155D30C59D /* Frameworks */,
			);
			sourceTree = "<group>";
		};
		8B8744A02860D5E2002CFEA4 /* Products */ = {
			isa = PBXGroup;
			children = (
				8B87449F2860D5E2002CFEA4 /* SnapkitDemo.app */,
			);
			name = Products;
			sourceTree = "<group>";
		};
		8B8744A12860D5E2002CFEA4 /* SnapkitDemo */ = {
			isa = PBXGroup;
			children = (
				8B8744A22860D5E2002CFEA4 /* AppDelegate.swift */,
				8B8744A42860D5E2002CFEA4 /* SceneDelegate.swift */,
				8B8744A62860D5E2002CFEA4 /* ViewController.swift */,
				8B8744A82860D5E2002CFEA4 /* Main.storyboard */,
				8B8744AB2860D5E3002CFEA4 /* Assets.xcassets */,
				8B8744AD2860D5E3002CFEA4 /* LaunchScreen.storyboard */,
				8B8744B02860D5E3002CFEA4 /* Info.plist */,
				8B053BCF2861802400BF4F32 /* SecondViewController.swift */,
			);
			path = SnapkitDemo;
			sourceTree = "<group>";
		};
/* End PBXGroup section */

/* Begin PBXNativeTarget section */
		8B87449E2860D5E2002CFEA4 /* SnapkitDemo */ = {
			isa = PBXNativeTarget;
			buildConfigurationList = 8B8744B32860D5E3002CFEA4 /* Build configuration list for PBXNativeTarget "SnapkitDemo" */;
			buildPhases = (
				128008D4449806DE1446AA14 /* [CP] Check Pods Manifest.lock */,
				8B87449B2860D5E2002CFEA4 /* Sources */,
				8B87449C2860D5E2002CFEA4 /* Frameworks */,
				8B87449D2860D5E2002CFEA4 /* Resources */,
				FAC6EAEB9CBF47EE8EA9BF3A /* [CP] Embed Pods Frameworks */,
			);
			buildRules = (
			);
			dependencies = (
			);
			name = SnapkitDemo;
			productName = SnapkitDemo;
			productReference = 8B87449F2860D5E2002CFEA4 /* SnapkitDemo.app */;
			productType = "com.apple.product-type.application";
		};
/* End PBXNativeTarget section */

/* Begin PBXProject section */
		8B8744972860D5E2002CFEA4 /* Project object */ = {
			isa = PBXProject;
			attributes = {
				BuildIndependentTargetsInParallel = 1;
				LastSwiftUpdateCheck = 1340;
				LastUpgradeCheck = 1340;
				TargetAttributes = {
					8B87449E2860D5E2002CFEA4 = {
						CreatedOnToolsVersion = 13.4;
					};
				};
			};
			buildConfigurationList = 8B87449A2860D5E2002CFEA4 /* Build configuration list for PBXProject "SnapkitDemo" */;
			compatibilityVersion = "Xcode 13.0";
			developmentRegion = en;
			hasScannedForEncodings = 0;
			knownRegions = (
				en,
				Base,
			);
			mainGroup = 8B8744962860D5E2002CFEA4;
			productRefGroup = 8B8744A02860D5E2002CFEA4 /* Products */;
			projectDirPath = "";
			projectRoot = "";
			targets = (
				8B87449E2860D5E2002CFEA4 /* SnapkitDemo */,
			);
		};
/* End PBXProject section */

/* Begin PBXResourcesBuildPhase section */
		8B87449D2860D5E2002CFEA4 /* Resources */ = {
			isa = PBXResourcesBuildPhase;
			buildActionMask = 2147483647;
			files = (
				8B8744AF2860D5E3002CFEA4 /* LaunchScreen.storyboard in Resources */,
				8B8744AC2860D5E3002CFEA4 /* Assets.xcassets in Resources */,
				8B8744AA2860D5E2002CFEA4 /* Main.storyboard in Resources */,
			);
			runOnlyForDeploymentPostprocessing = 0;
		};
/* End PBXResourcesBuildPhase section */

/* Begin PBXShellScriptBuildPhase section */
		128008D4449806DE1446AA14 /* [CP] Check Pods Manifest.lock */ = {
			isa = PBXShellScriptBuildPhase;
			buildActionMask = 2147483647;
			files = (
			);
			inputFileListPaths = (
			);
			inputPaths = (
				"${PODS_PODFILE_DIR_PATH}/Podfile.lock",
				"${PODS_ROOT}/Manifest.lock",
			);
			name = "[CP] Check Pods Manifest.lock";
			outputFileListPaths = (
			);
			outputPaths = (
				"$(DERIVED_FILE_DIR)/Pods-SnapkitDemo-checkManifestLockResult.txt",
			);
			runOnlyForDeploymentPostprocessing = 0;
			shellPath = /bin/sh;
			shellScript = "diff \"${PODS_PODFILE_DIR_PATH}/Podfile.lock\" \"${PODS_ROOT}/Manifest.lock\" > /dev/null\nif [ $? != 0 ] ; then\n    # print error to STDERR\n    echo \"error: The sandbox is not in sync with the Podfile.lock. Run 'pod install' or update your CocoaPods installation.\" >&2\n    exit 1\nfi\n# This output is used by Xcode 'outputs' to avoid re-running this script phase.\necho \"SUCCESS\" > \"${SCRIPT_OUTPUT_FILE_0}\"\n";
			showEnvVarsInLog = 0;
		};
		FAC6EAEB9CBF47EE8EA9BF3A /* [CP] Embed Pods Frameworks */ = {
			isa = PBXShellScriptBuildPhase;
			buildActionMask = 2147483647;
			files = (
			);
			inputFileListPaths = (
				"${PODS_ROOT}/Target Support Files/Pods-SnapkitDemo/Pods-SnapkitDemo-frameworks-${CONFIGURATION}-input-files.xcfilelist",
			);
			name = "[CP] Embed Pods Frameworks";
			outputFileListPaths = (
				"${PODS_ROOT}/Target Support Files/Pods-SnapkitDemo/Pods-SnapkitDemo-frameworks-${CONFIGURATION}-output-files.xcfilelist",
			);
			runOnlyForDeploymentPostprocessing = 0;
			shellPath = /bin/sh;
			shellScript = "\"${PODS_ROOT}/Target Support Files/Pods-SnapkitDemo/Pods-SnapkitDemo-frameworks.sh\"\n";
			showEnvVarsInLog = 0;
		};
/* End PBXShellScriptBuildPhase section */

/* Begin PBXSourcesBuildPhase section */
		8B87449B2860D5E2002CFEA4 /* Sources */ = {
			isa = PBXSourcesBuildPhase;
			buildActionMask = 2147483647;
			files = (
				8B053BD02861802400BF4F32 /* SecondViewController.swift in Sources */,
				8B8744A72860D5E2002CFEA4 /* ViewController.swift in Sources */,
				8B8744A32860D5E2002CFEA4 /* AppDelegate.swift in Sources */,
				8B8744A52860D5E2002CFEA4 /* SceneDelegate.swift in Sources */,
			);
			runOnlyForDeploymentPostprocessing = 0;
		};
/* End PBXSourcesBuildPhase section */

/* Begin PBXVariantGroup section */
		8B8744A82860D5E2002CFEA4 /* Main.storyboard */ = {
			isa = PBXVariantGroup;
			children = (
				8B8744A92860D5E2002CFEA4 /* Base */,
			);
			name = Main.storyboard;
			sourceTree = "<group>";
		};
		8B8744AD2860D5E3002CFEA4 /* LaunchScreen.storyboard */ = {
			isa = PBXVariantGroup;
			children = (
				8B8744AE2860D5E3002CFEA4 /* Base */,
			);
			name = LaunchScreen.storyboard;
			sourceTree = "<group>";
		};
/* End PBXVariantGroup section */

/* Begin XCBuildConfiguration section */
		8B8744B12860D5E3002CFEA4 /* Debug */ = {
			isa = XCBuildConfiguration;
			buildSettings = {
				ALWAYS_SEARCH_USER_PATHS = NO;
				CLANG_ANALYZER_NONNULL = YES;
				CLANG_ANALYZER_NUMBER_OBJECT_CONVERSION = YES_AGGRESSIVE;
				CLANG_CXX_LANGUAGE_STANDARD = "gnu++17";
				CLANG_ENABLE_MODULES = YES;
				CLANG_ENABLE_OBJC_ARC = YES;
				CLANG_ENABLE_OBJC_WEAK = YES;
				CLANG_WARN_BLOCK_CAPTURE_AUTORELEASING = YES;
				CLANG_WARN_BOOL_CONVERSION = YES;
				CLANG_WARN_COMMA = YES;
				CLANG_WARN_CONSTANT_CONVERSION = YES;
				CLANG_WARN_DEPRECATED_OBJC_IMPLEMENTATIONS = YES;
				CLANG_WARN_DIRECT_OBJC_ISA_USAGE = YES_ERROR;
				CLANG_WARN_DOCUMENTATION_COMMENTS = YES;
				CLANG_WARN_EMPTY_BODY = YES;
				CLANG_WARN_ENUM_CONVERSION = YES;
				CLANG_WARN_INFINITE_RECURSION = YES;
				CLANG_WARN_INT_CONVERSION = YES;
				CLANG_WARN_NON_LITERAL_NULL_CONVERSION = YES;
				CLANG_WARN_OBJC_IMPLICIT_RETAIN_SELF = YES;
				CLANG_WARN_OBJC_LITERAL_CONVERSION = YES;
				CLANG_WARN_OBJC_ROOT_CLASS = YES_ERROR;
				CLANG_WARN_QUOTED_INCLUDE_IN_FRAMEWORK_HEADER = YES;
				CLANG_WARN_RANGE_LOOP_ANALYSIS = YES;
				CLANG_WARN_STRICT_PROTOTYPES = YES;
				CLANG_WARN_SUSPICIOUS_MOVE = YES;
				CLANG_WARN_UNGUARDED_AVAILABILITY = YES_AGGRESSIVE;
				CLANG_WARN_UNREACHABLE_CODE = YES;
				CLANG_WARN__DUPLICATE_METHOD_MATCH = YES;
				COPY_PHASE_STRIP = NO;
				DEBUG_INFORMATION_FORMAT = dwarf;
				ENABLE_STRICT_OBJC_MSGSEND = YES;
				ENABLE_TESTABILITY = YES;
				GCC_C_LANGUAGE_STANDARD = gnu11;
				GCC_DYNAMIC_NO_PIC = NO;
				GCC_NO_COMMON_BLOCKS = YES;
				GCC_OPTIMIZATION_LEVEL = 0;
				GCC_PREPROCESSOR_DEFINITIONS = (
					"DEBUG=1",
					"$(inherited)",
				);
				GCC_WARN_64_TO_32_BIT_CONVERSION = YES;
				GCC_WARN_ABOUT_RETURN_TYPE = YES_ERROR;
				GCC_WARN_UNDECLARED_SELECTOR = YES;
				GCC_WARN_UNINITIALIZED_AUTOS = YES_AGGRESSIVE;
				GCC_WARN_UNUSED_FUNCTION = YES;
				GCC_WARN_UNUSED_VARIABLE = YES;
				IPHONEOS_DEPLOYMENT_TARGET = 15.5;
				MTL_ENABLE_DEBUG_INFO = INCLUDE_SOURCE;
				MTL_FAST_MATH = YES;
				ONLY_ACTIVE_ARCH = YES;
				SDKROOT = iphoneos;
				SWIFT_ACTIVE_COMPILATION_CONDITIONS = DEBUG;
				SWIFT_OPTIMIZATION_LEVEL = "-Onone";
			};
			name = Debug;
		};
		8B8744B22860D5E3002CFEA4 /* Release */ = {
			isa = XCBuildConfiguration;
			buildSettings = {
				ALWAYS_SEARCH_USER_PATHS = NO;
				CLANG_ANALYZER_NONNULL = YES;
				CLANG_ANALYZER_NUMBER_OBJECT_CONVERSION = YES_AGGRESSIVE;
				CLANG_CXX_LANGUAGE_STANDARD = "gnu++17";
				CLANG_ENABLE_MODULES = YES;
				CLANG_ENABLE_OBJC_ARC = YES;
				CLANG_ENABLE_OBJC_WEAK = YES;
				CLANG_WARN_BLOCK_CAPTURE_AUTORELEASING = YES;
				CLANG_WARN_BOOL_CONVERSION = YES;
				CLANG_WARN_COMMA = YES;
				CLANG_WARN_CONSTANT_CONVERSION = YES;
				CLANG_WARN_DEPRECATED_OBJC_IMPLEMENTATIONS = YES;
				CLANG_WARN_DIRECT_OBJC_ISA_USAGE = YES_ERROR;
				CLANG_WARN_DOCUMENTATION_COMMENTS = YES;
				CLANG_WARN_EMPTY_BODY = YES;
				CLANG_WARN_ENUM_CONVERSION = YES;
				CLANG_WARN_INFINITE_RECURSION = YES;
				CLANG_WARN_INT_CONVERSION = YES;
				CLANG_WARN_NON_LITERAL_NULL_CONVERSION = YES;
				CLANG_WARN_OBJC_IMPLICIT_RETAIN_SELF = YES;
				CLANG_WARN_OBJC_LITERAL_CONVERSION = YES;
				CLANG_WARN_OBJC_ROOT_CLASS = YES_ERROR;
				CLANG_WARN_QUOTED_INCLUDE_IN_FRAMEWORK_HEADER = YES;
				CLANG_WARN_RANGE_LOOP_ANALYSIS = YES;
				CLANG_WARN_STRICT_PROTOTYPES = YES;
				CLANG_WARN_SUSPICIOUS_MOVE = YES;
				CLANG_WARN_UNGUARDED_AVAILABILITY = YES_AGGRESSIVE;
				CLANG_WARN_UNREACHABLE_CODE = YES;
				CLANG_WARN__DUPLICATE_METHOD_MATCH = YES;
				COPY_PHASE_STRIP = NO;
				DEBUG_INFORMATION_FORMAT = "dwarf-with-dsym";
				ENABLE_NS_ASSERTIONS = NO;
				ENABLE_STRICT_OBJC_MSGSEND = YES;
				GCC_C_LANGUAGE_STANDARD = gnu11;
				GCC_NO_COMMON_BLOCKS = YES;
				GCC_WARN_64_TO_32_BIT_CONVERSION = YES;
				GCC_WARN_ABOUT_RETURN_TYPE = YES_ERROR;
				GCC_WARN_UNDECLARED_SELECTOR = YES;
				GCC_WARN_UNINITIALIZED_AUTOS = YES_AGGRESSIVE;
				GCC_WARN_UNUSED_FUNCTION = YES;
				GCC_WARN_UNUSED_VARIABLE = YES;
				IPHONEOS_DEPLOYMENT_TARGET = 15.5;
				MTL_ENABLE_DEBUG_INFO = NO;
				MTL_FAST_MATH = YES;
				SDKROOT = iphoneos;
				SWIFT_COMPILATION_MODE = wholemodule;
				SWIFT_OPTIMIZATION_LEVEL = "-O";
				VALIDATE_PRODUCT = YES;
			};
			name = Release;
		};
		8B8744B42860D5E3002CFEA4 /* Debug */ = {
			isa = XCBuildConfiguration;
			baseConfigurationReference = 3C3B5418B26D8A6AEA25FCC9 /* Pods-SnapkitDemo.debug.xcconfig */;
			buildSettings = {
				ASSETCATALOG_COMPILER_APPICON_NAME = AppIcon;
				ASSETCATALOG_COMPILER_GLOBAL_ACCENT_COLOR_NAME = AccentColor;
				CODE_SIGN_STYLE = Automatic;
				CURRENT_PROJECT_VERSION = 1;
				GENERATE_INFOPLIST_FILE = YES;
				INFOPLIST_FILE = SnapkitDemo/Info.plist;
				INFOPLIST_KEY_UIApplicationSupportsIndirectInputEvents = YES;
				INFOPLIST_KEY_UILaunchStoryboardName = LaunchScreen;
				INFOPLIST_KEY_UIMainStoryboardFile = Main;
				INFOPLIST_KEY_UISupportedInterfaceOrientations_iPad = "UIInterfaceOrientationPortrait UIInterfaceOrientationPortraitUpsideDown UIInterfaceOrientationLandscapeLeft UIInterfaceOrientationLandscapeRight";
				INFOPLIST_KEY_UISupportedInterfaceOrientations_iPhone = "UIInterfaceOrientationPortrait UIInterfaceOrientationLandscapeLeft UIInterfaceOrientationLandscapeRight";
				LD_RUNPATH_SEARCH_PATHS = (
					"$(inherited)",
					"@executable_path/Frameworks",
				);
				MARKETING_VERSION = 1.0;
				PRODUCT_BUNDLE_IDENTIFIER = com.app.SnapkitDemo;
				PRODUCT_NAME = "$(TARGET_NAME)";
				SWIFT_EMIT_LOC_STRINGS = YES;
				SWIFT_VERSION = 5.0;
				TARGETED_DEVICE_FAMILY = "1,2";
			};
			name = Debug;
		};
		8B8744B52860D5E3002CFEA4 /* Release */ = {
			isa = XCBuildConfiguration;
			baseConfigurationReference = 11C4E725B0648A5966D2D0D0 /* Pods-SnapkitDemo.release.xcconfig */;
			buildSettings = {
				ASSETCATALOG_COMPILER_APPICON_NAME = AppIcon;
				ASSETCATALOG_COMPILER_GLOBAL_ACCENT_COLOR_NAME = AccentColor;
				CODE_SIGN_STYLE = Automatic;
				CURRENT_PROJECT_VERSION = 1;
				GENERATE_INFOPLIST_FILE = YES;
				INFOPLIST_FILE = SnapkitDemo/Info.plist;
				INFOPLIST_KEY_UIApplicationSupportsIndirectInputEvents = YES;
				INFOPLIST_KEY_UILaunchStoryboardName = LaunchScreen;
				INFOPLIST_KEY_UIMainStoryboardFile = Main;
				INFOPLIST_KEY_UISupportedInterfaceOrientations_iPad = "UIInterfaceOrientationPortrait UIInterfaceOrientationPortraitUpsideDown UIInterfaceOrientationLandscapeLeft UIInterfaceOrientationLandscapeRight";
				INFOPLIST_KEY_UISupportedInterfaceOrientations_iPhone = "UIInterfaceOrientationPortrait UIInterfaceOrientationLandscapeLeft UIInterfaceOrientationLandscapeRight";
				LD_RUNPATH_SEARCH_PATHS = (
					"$(inherited)",
					"@executable_path/Frameworks",
				);
				MARKETING_VERSION = 1.0;
				PRODUCT_BUNDLE_IDENTIFIER = com.app.SnapkitDemo;
				PRODUCT_NAME = "$(TARGET_NAME)";
				SWIFT_EMIT_LOC_STRINGS = YES;
				SWIFT_VERSION = 5.0;
				TARGETED_DEVICE_FAMILY = "1,2";
			};
			name = Release;
		};
/* End XCBuildConfiguration section */

/* Begin XCConfigurationList section */
		8B87449A2860D5E2002CFEA4 /* Build configuration list for PBXProject "SnapkitDemo" */ = {
			isa = XCConfigurationList;
			buildConfigurations = (
				8B8744B12860D5E3002CFEA4 /* Debug */,
				8B8744B22860D5E3002CFEA4 /* Release */,
			);
			defaultConfigurationIsVisible = 0;
			defaultConfigurationName = Release;
		};
		8B8744B32860D5E3002CFEA4 /* Build configuration list for PBXNativeTarget "SnapkitDemo" */ = {
			isa = XCConfigurationList;
			buildConfigurations = (
				8B8744B42860D5E3002CFEA4 /* Debug */,
				8B8744B52860D5E3002CFEA4 /* Release */,
			);
			defaultConfigurationIsVisible = 0;
			defaultConfigurationName = Release;
		};
/* End XCConfigurationList section */
	};
	rootObject = 8B8744972860D5E2002CFEA4 /* Project object */;
}
